
Microsoft Visual Studio Solution File, Format Version 12.00
# Visual Studio 15
VisualStudioVersion = 15.0.26730.16
MinimumVisualStudioVersion = 10.0.40219.1
Project("{FAE04EC0-301F-11D3-BF4B-00C04F79EFBC}") = "olddrivertools", "olddrivertools\olddrivertools.csproj", "{B5478949-7D2C-4AEF-8961-6804FB0F3A24}"
EndProject
Project("{FAE04EC0-301F-11D3-BF4B-00C04F79EFBC}") = "olddrivertoosexe", "olddrivertoosexe\olddrivertoosexe.csproj", "{5C999B84-B82F-4CDA-808D-310F98AD65F6}"
EndProject
Project("{2150E333-8FDC-42A3-9474-1A3956D46DE8}") = "olddrivertools.Xamarin", "olddrivertools.Xamarin", "{D5003EE9-BBE7-4E01-9846-17E17CB6C599}"
EndProject
Project("{FAE04EC0-301F-11D3-BF4B-00C04F79EFBC}") = "OldDriverTools.Mono.Android", "OldDriverTools.Mono\OldDriverTools.Mono.Android\OldDriverTools.Mono.Android.csproj", "{69F2BF91-EC27-4142-BF1B-EFE955E6E167}"
EndProject
Project("{FAE04EC0-301F-11D3-BF4B-00C04F79EFBC}") = "OldDriverTools.Mono", "OldDriverTools.Mono\OldDriverTools.Mono\OldDriverTools.Mono.csproj", "{C6D814A5-3FB4-4795-AA4A-E0A77CC7FD09}"
EndProject
Project("{FAE04EC0-301F-11D3-BF4B-00C04F79EFBC}") = "OldDriverTools.Mono.iOS", "OldDriverTools.Mono\OldDriverTools.Mono.iOS\OldDriverTools.Mono.iOS.csproj", "{99135CE0-34D3-436D-9FDF-BE1658E7C402}"
EndProject
Global
	GlobalSection(SolutionConfigurationPlatforms) = preSolution
		Ad-Hoc|Any CPU = Ad-Hoc|Any CPU
		Ad-Hoc|ARM = Ad-Hoc|ARM
		Ad-Hoc|iPhone = Ad-Hoc|iPhone
		Ad-Hoc|iPhoneSimulator = Ad-Hoc|iPhoneSimulator
		Ad-Hoc|x64 = Ad-Hoc|x64
		Ad-Hoc|x86 = Ad-Hoc|x86
		AppStore|Any CPU = AppStore|Any CPU
		AppStore|ARM = AppStore|ARM
		AppStore|iPhone = AppStore|iPhone
		AppStore|iPhoneSimulator = AppStore|iPhoneSimulator
		AppStore|x64 = AppStore|x64
		AppStore|x86 = AppStore|x86
		Debug|Any CPU = Debug|Any CPU
		Debug|ARM = Debug|ARM
		Debug|iPhone = Debug|iPhone
		Debug|iPhoneSimulator = Debug|iPhoneSimulator
		Debug|x64 = Debug|x64
		Debug|x86 = Debug|x86
		Release|Any CPU = Release|Any CPU
		Release|ARM = Release|ARM
		Release|iPhone = Release|iPhone
		Release|iPhoneSimulator = Release|iPhoneSimulator
		Release|x64 = Release|x64
		Release|x86 = Release|x86
	EndGlobalSection
	GlobalSection(ProjectConfigurationPlatforms) = postSolution
		{B5478949-7D2C-4AEF-8961-6804FB0F3A24}.Ad-Hoc|Any CPU.ActiveCfg = Release|x64
		{B5478949-7D2C-4AEF-8961-6804FB0F3A24}.Ad-Hoc|Any CPU.Build.0 = Release|x64
		{B5478949-7D2C-4AEF-8961-6804FB0F3A24}.Ad-Hoc|Any CPU.Deploy.0 = Release|x64
		{B5478949-7D2C-4AEF-8961-6804FB0F3A24}.Ad-Hoc|ARM.ActiveCfg = Release|ARM
		{B5478949-7D2C-4AEF-8961-6804FB0F3A24}.Ad-Hoc|ARM.Build.0 = Release|ARM
		{B5478949-7D2C-4AEF-8961-6804FB0F3A24}.Ad-Hoc|ARM.Deploy.0 = Release|ARM
		{B5478949-7D2C-4AEF-8961-6804FB0F3A24}.Ad-Hoc|iPhone.ActiveCfg = Release|x64
		{B5478949-7D2C-4AEF-8961-6804FB0F3A24}.Ad-Hoc|iPhone.Build.0 = Release|x64
		{B5478949-7D2C-4AEF-8961-6804FB0F3A24}.Ad-Hoc|iPhone.Deploy.0 = Release|x64
		{B5478949-7D2C-4AEF-8961-6804FB0F3A24}.Ad-Hoc|iPhoneSimulator.ActiveCfg = Release|x64
		{B5478949-7D2C-4AEF-8961-6804FB0F3A24}.Ad-Hoc|iPhoneSimulator.Build.0 = Release|x64
		{B5478949-7D2C-4AEF-8961-6804FB0F3A24}.Ad-Hoc|iPhoneSimulator.Deploy.0 = Release|x64
		{B5478949-7D2C-4AEF-8961-6804FB0F3A24}.Ad-Hoc|x64.ActiveCfg = Release|x64
		{B5478949-7D2C-4AEF-8961-6804FB0F3A24}.Ad-Hoc|x64.Build.0 = Release|x64
		{B5478949-7D2C-4AEF-8961-6804FB0F3A24}.Ad-Hoc|x64.Deploy.0 = Release|x64
		{B5478949-7D2C-4AEF-8961-6804FB0F3A24}.Ad-Hoc|x86.ActiveCfg = Release|x86
		{B5478949-7D2C-4AEF-8961-6804FB0F3A24}.Ad-Hoc|x86.Build.0 = Release|x86
		{B5478949-7D2C-4AEF-8961-6804FB0F3A24}.Ad-Hoc|x86.Deploy.0 = Release|x86
		{B5478949-7D2C-4AEF-8961-6804FB0F3A24}.AppStore|Any CPU.ActiveCfg = Release|x64
		{B5478949-7D2C-4AEF-8961-6804FB0F3A24}.AppStore|Any CPU.Build.0 = Release|x64
		{B5478949-7D2C-4AEF-8961-6804FB0F3A24}.AppStore|Any CPU.Deploy.0 = Release|x64
		{B5478949-7D2C-4AEF-8961-6804FB0F3A24}.AppStore|ARM.ActiveCfg = Release|ARM
		{B5478949-7D2C-4AEF-8961-6804FB0F3A24}.AppStore|ARM.Build.0 = Release|ARM
		{B5478949-7D2C-4AEF-8961-6804FB0F3A24}.AppStore|ARM.Deploy.0 = Release|ARM
		{B5478949-7D2C-4AEF-8961-6804FB0F3A24}.AppStore|iPhone.ActiveCfg = Release|x64
		{B5478949-7D2C-4AEF-8961-6804FB0F3A24}.AppStore|iPhone.Build.0 = Release|x64
		{B5478949-7D2C-4AEF-8961-6804FB0F3A24}.AppStore|iPhone.Deploy.0 = Release|x64
		{B5478949-7D2C-4AEF-8961-6804FB0F3A24}.AppStore|iPhoneSimulator.ActiveCfg = Release|x64
		{B5478949-7D2C-4AEF-8961-6804FB0F3A24}.AppStore|iPhoneSimulator.Build.0 = Release|x64
		{B5478949-7D2C-4AEF-8961-6804FB0F3A24}.AppStore|iPhoneSimulator.Deploy.0 = Release|x64
		{B5478949-7D2C-4AEF-8961-6804FB0F3A24}.AppStore|x64.ActiveCfg = Release|x64
		{B5478949-7D2C-4AEF-8961-6804FB0F3A24}.AppStore|x64.Build.0 = Release|x64
		{B5478949-7D2C-4AEF-8961-6804FB0F3A24}.AppStore|x64.Deploy.0 = Release|x64
		{B5478949-7D2C-4AEF-8961-6804FB0F3A24}.AppStore|x86.ActiveCfg = Release|x86
		{B5478949-7D2C-4AEF-8961-6804FB0F3A24}.AppStore|x86.Build.0 = Release|x86
		{B5478949-7D2C-4AEF-8961-6804FB0F3A24}.AppStore|x86.Deploy.0 = Release|x86
		{B5478949-7D2C-4AEF-8961-6804FB0F3A24}.Debug|Any CPU.ActiveCfg = Debug|x86
		{B5478949-7D2C-4AEF-8961-6804FB0F3A24}.Debug|ARM.ActiveCfg = Debug|ARM
		{B5478949-7D2C-4AEF-8961-6804FB0F3A24}.Debug|ARM.Build.0 = Debug|ARM
		{B5478949-7D2C-4AEF-8961-6804FB0F3A24}.Debug|ARM.Deploy.0 = Debug|ARM
		{B5478949-7D2C-4AEF-8961-6804FB0F3A24}.Debug|iPhone.ActiveCfg = Debug|x86
		{B5478949-7D2C-4AEF-8961-6804FB0F3A24}.Debug|iPhoneSimulator.ActiveCfg = Debug|x86
		{B5478949-7D2C-4AEF-8961-6804FB0F3A24}.Debug|x64.ActiveCfg = Debug|x64
		{B5478949-7D2C-4AEF-8961-6804FB0F3A24}.Debug|x64.Build.0 = Debug|x64
		{B5478949-7D2C-4AEF-8961-6804FB0F3A24}.Debug|x64.Deploy.0 = Debug|x64
		{B5478949-7D2C-4AEF-8961-6804FB0F3A24}.Debug|x86.ActiveCfg = Debug|x86
		{B5478949-7D2C-4AEF-8961-6804FB0F3A24}.Debug|x86.Build.0 = Debug|x86
		{B5478949-7D2C-4AEF-8961-6804FB0F3A24}.Debug|x86.Deploy.0 = Debug|x86
		{B5478949-7D2C-4AEF-8961-6804FB0F3A24}.Release|Any CPU.ActiveCfg = Release|x86
		{B5478949-7D2C-4AEF-8961-6804FB0F3A24}.Release|ARM.ActiveCfg = Release|ARM
		{B5478949-7D2C-4AEF-8961-6804FB0F3A24}.Release|ARM.Build.0 = Release|ARM
		{B5478949-7D2C-4AEF-8961-6804FB0F3A24}.Release|ARM.Deploy.0 = Release|ARM
		{B5478949-7D2C-4AEF-8961-6804FB0F3A24}.Release|iPhone.ActiveCfg = Release|x86
		{B5478949-7D2C-4AEF-8961-6804FB0F3A24}.Release|iPhoneSimulator.ActiveCfg = Release|x86
		{B5478949-7D2C-4AEF-8961-6804FB0F3A24}.Release|x64.ActiveCfg = Release|x64
		{B5478949-7D2C-4AEF-8961-6804FB0F3A24}.Release|x64.Build.0 = Release|x64
		{B5478949-7D2C-4AEF-8961-6804FB0F3A24}.Release|x64.Deploy.0 = Release|x64
		{B5478949-7D2C-4AEF-8961-6804FB0F3A24}.Release|x86.ActiveCfg = Release|x86
		{B5478949-7D2C-4AEF-8961-6804FB0F3A24}.Release|x86.Build.0 = Release|x86
		{B5478949-7D2C-4AEF-8961-6804FB0F3A24}.Release|x86.Deploy.0 = Release|x86
		{5C999B84-B82F-4CDA-808D-310F98AD65F6}.Ad-Hoc|Any CPU.ActiveCfg = Release|Any CPU
		{5C999B84-B82F-4CDA-808D-310F98AD65F6}.Ad-Hoc|Any CPU.Build.0 = Release|Any CPU
		{5C999B84-B82F-4CDA-808D-310F98AD65F6}.Ad-Hoc|ARM.ActiveCfg = Release|Any CPU
		{5C999B84-B82F-4CDA-808D-310F98AD65F6}.Ad-Hoc|ARM.Build.0 = Release|Any CPU
		{5C999B84-B82F-4CDA-808D-310F98AD65F6}.Ad-Hoc|iPhone.ActiveCfg = Release|Any CPU
		{5C999B84-B82F-4CDA-808D-310F98AD65F6}.Ad-Hoc|iPhone.Build.0 = Release|Any CPU
		{5C999B84-B82F-4CDA-808D-310F98AD65F6}.Ad-Hoc|iPhoneSimulator.ActiveCfg = Release|Any CPU
		{5C999B84-B82F-4CDA-808D-310F98AD65F6}.Ad-Hoc|iPhoneSimulator.Build.0 = Release|Any CPU
		{5C999B84-B82F-4CDA-808D-310F98AD65F6}.Ad-Hoc|x64.ActiveCfg = Release|Any CPU
		{5C999B84-B82F-4CDA-808D-310F98AD65F6}.Ad-Hoc|x64.Build.0 = Release|Any CPU
		{5C999B84-B82F-4CDA-808D-310F98AD65F6}.Ad-Hoc|x86.ActiveCfg = Release|Any CPU
		{5C999B84-B82F-4CDA-808D-310F98AD65F6}.Ad-Hoc|x86.Build.0 = Release|Any CPU
		{5C999B84-B82F-4CDA-808D-310F98AD65F6}.AppStore|Any CPU.ActiveCfg = Release|Any CPU
		{5C999B84-B82F-4CDA-808D-310F98AD65F6}.AppStore|Any CPU.Build.0 = Release|Any CPU
		{5C999B84-B82F-4CDA-808D-310F98AD65F6}.AppStore|ARM.ActiveCfg = Release|Any CPU
		{5C999B84-B82F-4CDA-808D-310F98AD65F6}.AppStore|ARM.Build.0 = Release|Any CPU
		{5C999B84-B82F-4CDA-808D-310F98AD65F6}.AppStore|iPhone.ActiveCfg = Release|Any CPU
		{5C999B84-B82F-4CDA-808D-310F98AD65F6}.AppStore|iPhone.Build.0 = Release|Any CPU
		{5C999B84-B82F-4CDA-808D-310F98AD65F6}.AppStore|iPhoneSimulator.ActiveCfg = Release|Any CPU
		{5C999B84-B82F-4CDA-808D-310F98AD65F6}.AppStore|iPhoneSimulator.Build.0 = Release|Any CPU
		{5C999B84-B82F-4CDA-808D-310F98AD65F6}.AppStore|x64.ActiveCfg = Release|Any CPU
		{5C999B84-B82F-4CDA-808D-310F98AD65F6}.AppStore|x64.Build.0 = Release|Any CPU
		{5C999B84-B82F-4CDA-808D-310F98AD65F6}.AppStore|x86.ActiveCfg = Release|Any CPU
		{5C999B84-B82F-4CDA-808D-310F98AD65F6}.AppStore|x86.Build.0 = Release|Any CPU
		{5C999B84-B82F-4CDA-808D-310F98AD65F6}.Debug|Any CPU.ActiveCfg = Debug|Any CPU
		{5C999B84-B82F-4CDA-808D-310F98AD65F6}.Debug|Any CPU.Build.0 = Debug|Any CPU
		{5C999B84-B82F-4CDA-808D-310F98AD65F6}.Debug|ARM.ActiveCfg = Debug|Any CPU
		{5C999B84-B82F-4CDA-808D-310F98AD65F6}.Debug|ARM.Build.0 = Debug|Any CPU
		{5C999B84-B82F-4CDA-808D-310F98AD65F6}.Debug|iPhone.ActiveCfg = Debug|Any CPU
		{5C999B84-B82F-4CDA-808D-310F98AD65F6}.Debug|iPhone.Build.0 = Debug|Any CPU
		{5C999B84-B82F-4CDA-808D-310F98AD65F6}.Debug|iPhoneSimulator.ActiveCfg = Debug|Any CPU
		{5C999B84-B82F-4CDA-808D-310F98AD65F6}.Debug|iPhoneSimulator.Build.0 = Debug|Any CPU
		{5C999B84-B82F-4CDA-808D-310F98AD65F6}.Debug|x64.ActiveCfg = Debug|Any CPU
		{5C999B84-B82F-4CDA-808D-310F98AD65F6}.Debug|x64.Build.0 = Debug|Any CPU
		{5C999B84-B82F-4CDA-808D-310F98AD65F6}.Debug|x86.ActiveCfg = Debug|Any CPU
		{5C999B84-B82F-4CDA-808D-310F98AD65F6}.Debug|x86.Build.0 = Debug|Any CPU
		{5C999B84-B82F-4CDA-808D-310F98AD65F6}.Release|Any CPU.ActiveCfg = Release|Any CPU
		{5C999B84-B82F-4CDA-808D-310F98AD65F6}.Release|Any CPU.Build.0 = Release|Any CPU
		{5C999B84-B82F-4CDA-808D-310F98AD65F6}.Release|ARM.ActiveCfg = Release|Any CPU
		{5C999B84-B82F-4CDA-808D-310F98AD65F6}.Release|ARM.Build.0 = Release|Any CPU
		{5C999B84-B82F-4CDA-808D-310F98AD65F6}.Release|iPhone.ActiveCfg = Release|Any CPU
		{5C999B84-B82F-4CDA-808D-310F98AD65F6}.Release|iPhone.Build.0 = Release|Any CPU
		{5C999B84-B82F-4CDA-808D-310F98AD65F6}.Release|iPhoneSimulator.ActiveCfg = Release|Any CPU
		{5C999B84-B82F-4CDA-808D-310F98AD65F6}.Release|iPhoneSimulator.Build.0 = Release|Any CPU
		{5C999B84-B82F-4CDA-808D-310F98AD65F6}.Release|x64.ActiveCfg = Release|Any CPU
		{5C999B84-B82F-4CDA-808D-310F98AD65F6}.Release|x64.Build.0 = Release|Any CPU
		{5C999B84-B82F-4CDA-808D-310F98AD65F6}.Release|x86.ActiveCfg = Release|Any CPU
		{5C999B84-B82F-4CDA-808D-310F98AD65F6}.Release|x86.Build.0 = Release|Any CPU
		{69F2BF91-EC27-4142-BF1B-EFE955E6E167}.Ad-Hoc|Any CPU.ActiveCfg = Release|Any CPU
		{69F2BF91-EC27-4142-BF1B-EFE955E6E167}.Ad-Hoc|Any CPU.Build.0 = Release|Any CPU
		{69F2BF91-EC27-4142-BF1B-EFE955E6E167}.Ad-Hoc|Any CPU.Deploy.0 = Release|Any CPU
		{69F2BF91-EC27-4142-BF1B-EFE955E6E167}.Ad-Hoc|ARM.ActiveCfg = Release|Any CPU
		{69F2BF91-EC27-4142-BF1B-EFE955E6E167}.Ad-Hoc|ARM.Build.0 = Release|Any CPU
		{69F2BF91-EC27-4142-BF1B-EFE955E6E167}.Ad-Hoc|ARM.Deploy.0 = Release|Any CPU
		{69F2BF91-EC27-4142-BF1B-EFE955E6E167}.Ad-Hoc|iPhone.ActiveCfg = Release|Any CPU
		{69F2BF91-EC27-4142-BF1B-EFE955E6E167}.Ad-Hoc|iPhone.Build.0 = Release|Any CPU
		{69F2BF91-EC27-4142-BF1B-EFE955E6E167}.Ad-Hoc|iPhone.Deploy.0 = Release|Any CPU
		{69F2BF91-EC27-4142-BF1B-EFE955E6E167}.Ad-Hoc|iPhoneSimulator.ActiveCfg = Release|Any CPU
		{69F2BF91-EC27-4142-BF1B-EFE955E6E167}.Ad-Hoc|iPhoneSimulator.Build.0 = Release|Any CPU
		{69F2BF91-EC27-4142-BF1B-EFE955E6E167}.Ad-Hoc|iPhoneSimulator.Deploy.0 = Release|Any CPU
		{69F2BF91-EC27-4142-BF1B-EFE955E6E167}.Ad-Hoc|x64.ActiveCfg = Release|Any CPU
		{69F2BF91-EC27-4142-BF1B-EFE955E6E167}.Ad-Hoc|x64.Build.0 = Release|Any CPU
		{69F2BF91-EC27-4142-BF1B-EFE955E6E167}.Ad-Hoc|x64.Deploy.0 = Release|Any CPU
		{69F2BF91-EC27-4142-BF1B-EFE955E6E167}.Ad-Hoc|x86.ActiveCfg = Release|Any CPU
		{69F2BF91-EC27-4142-BF1B-EFE955E6E167}.Ad-Hoc|x86.Build.0 = Release|Any CPU
		{69F2BF91-EC27-4142-BF1B-EFE955E6E167}.Ad-Hoc|x86.Deploy.0 = Release|Any CPU
		{69F2BF91-EC27-4142-BF1B-EFE955E6E167}.AppStore|Any CPU.ActiveCfg = Release|Any CPU
		{69F2BF91-EC27-4142-BF1B-EFE955E6E167}.AppStore|Any CPU.Build.0 = Release|Any CPU
		{69F2BF91-EC27-4142-BF1B-EFE955E6E167}.AppStore|Any CPU.Deploy.0 = Release|Any CPU
		{69F2BF91-EC27-4142-BF1B-EFE955E6E167}.AppStore|ARM.ActiveCfg = Release|Any CPU
		{69F2BF91-EC27-4142-BF1B-EFE955E6E167}.AppStore|ARM.Build.0 = Release|Any CPU
		{69F2BF91-EC27-4142-BF1B-EFE955E6E167}.AppStore|ARM.Deploy.0 = Release|Any CPU
		{69F2BF91-EC27-4142-BF1B-EFE955E6E167}.AppStore|iPhone.ActiveCfg = Release|Any CPU
		{69F2BF91-EC27-4142-BF1B-EFE955E6E167}.AppStore|iPhone.Build.0 = Release|Any CPU
		{69F2BF91-EC27-4142-BF1B-EFE955E6E167}.AppStore|iPhone.Deploy.0 = Release|Any CPU
		{69F2BF91-EC27-4142-BF1B-EFE955E6E167}.AppStore|iPhoneSimulator.ActiveCfg = Release|Any CPU
		{69F2BF91-EC27-4142-BF1B-EFE955E6E167}.AppStore|iPhoneSimulator.Build.0 = Release|Any CPU
		{69F2BF91-EC27-4142-BF1B-EFE955E6E167}.AppStore|iPhoneSimulator.Deploy.0 = Release|Any CPU
		{69F2BF91-EC27-4142-BF1B-EFE955E6E167}.AppStore|x64.ActiveCfg = Release|Any CPU
		{69F2BF91-EC27-4142-BF1B-EFE955E6E167}.AppStore|x64.Build.0 = Release|Any CPU
		{69F2BF91-EC27-4142-BF1B-EFE955E6E167}.AppStore|x64.Deploy.0 = Release|Any CPU
		{69F2BF91-EC27-4142-BF1B-EFE955E6E167}.AppStore|x86.ActiveCfg = Release|Any CPU
		{69F2BF91-EC27-4142-BF1B-EFE955E6E167}.AppStore|x86.Build.0 = Release|Any CPU
		{69F2BF91-EC27-4142-BF1B-EFE955E6E167}.AppStore|x86.Deploy.0 = Release|Any CPU
		{69F2BF91-EC27-4142-BF1B-EFE955E6E167}.Debug|Any CPU.ActiveCfg = Debug|Any CPU
		{69F2BF91-EC27-4142-BF1B-EFE955E6E167}.Debug|Any CPU.Build.0 = Debug|Any CPU
		{69F2BF91-EC27-4142-BF1B-EFE955E6E167}.Debug|Any CPU.Deploy.0 = Debug|Any CPU
		{69F2BF91-EC27-4142-BF1B-EFE955E6E167}.Debug|ARM.ActiveCfg = Debug|Any CPU
		{69F2BF91-EC27-4142-BF1B-EFE955E6E167}.Debug|ARM.Build.0 = Debug|Any CPU
		{69F2BF91-EC27-4142-BF1B-EFE955E6E167}.Debug|ARM.Deploy.0 = Debug|Any CPU
		{69F2BF91-EC27-4142-BF1B-EFE955E6E167}.Debug|iPhone.ActiveCfg = Debug|Any CPU
		{69F2BF91-EC27-4142-BF1B-EFE955E6E167}.Debug|iPhone.Build.0 = Debug|Any CPU
		{69F2BF91-EC27-4142-BF1B-EFE955E6E167}.Debug|iPhone.Deploy.0 = Debug|Any CPU
		{69F2BF91-EC27-4142-BF1B-EFE955E6E167}.Debug|iPhoneSimulator.ActiveCfg = Debug|Any CPU
		{69F2BF91-EC27-4142-BF1B-EFE955E6E167}.Debug|iPhoneSimulator.Build.0 = Debug|Any CPU
		{69F2BF91-EC27-4142-BF1B-EFE955E6E167}.Debug|iPhoneSimulator.Deploy.0 = Debug|Any CPU
		{69F2BF91-EC27-4142-BF1B-EFE955E6E167}.Debug|x64.ActiveCfg = Debug|Any CPU
		{69F2BF91-EC27-4142-BF1B-EFE955E6E167}.Debug|x64.Build.0 = Debug|Any CPU
		{69F2BF91-EC27-4142-BF1B-EFE955E6E167}.Debug|x64.Deploy.0 = Debug|Any CPU
		{69F2BF91-EC27-4142-BF1B-EFE955E6E167}.Debug|x86.ActiveCfg = Debug|Any CPU
		{69F2BF91-EC27-4142-BF1B-EFE955E6E167}.Debug|x86.Build.0 = Debug|Any CPU
		{69F2BF91-EC27-4142-BF1B-EFE955E6E167}.Debug|x86.Deploy.0 = Debug|Any CPU
		{69F2BF91-EC27-4142-BF1B-EFE955E6E167}.Release|Any CPU.ActiveCfg = Release|Any CPU
		{69F2BF91-EC27-4142-BF1B-EFE955E6E167}.Release|Any CPU.Build.0 = Release|Any CPU
		{69F2BF91-EC27-4142-BF1B-EFE955E6E167}.Release|Any CPU.Deploy.0 = Release|Any CPU
		{69F2BF91-EC27-4142-BF1B-EFE955E6E167}.Release|ARM.ActiveCfg = Release|Any CPU
		{69F2BF91-EC27-4142-BF1B-EFE955E6E167}.Release|ARM.Build.0 = Release|Any CPU
		{69F2BF91-EC27-4142-BF1B-EFE955E6E167}.Release|ARM.Deploy.0 = Release|Any CPU
		{69F2BF91-EC27-4142-BF1B-EFE955E6E167}.Release|iPhone.ActiveCfg = Release|Any CPU
		{69F2BF91-EC27-4142-BF1B-EFE955E6E167}.Release|iPhone.Build.0 = Release|Any CPU
		{69F2BF91-EC27-4142-BF1B-EFE955E6E167}.Release|iPhone.Deploy.0 = Release|Any CPU
		{69F2BF91-EC27-4142-BF1B-EFE955E6E167}.Release|iPhoneSimulator.ActiveCfg = Release|Any CPU
		{69F2BF91-EC27-4142-BF1B-EFE955E6E167}.Release|iPhoneSimulator.Build.0 = Release|Any CPU
		{69F2BF91-EC27-4142-BF1B-EFE955E6E167}.Release|iPhoneSimulator.Deploy.0 = Release|Any CPU
		{69F2BF91-EC27-4142-BF1B-EFE955E6E167}.Release|x64.ActiveCfg = Release|Any CPU
		{69F2BF91-EC27-4142-BF1B-EFE955E6E167}.Release|x64.Build.0 = Release|Any CPU
		{69F2BF91-EC27-4142-BF1B-EFE955E6E167}.Release|x64.Deploy.0 = Release|Any CPU
		{69F2BF91-EC27-4142-BF1B-EFE955E6E167}.Release|x86.ActiveCfg = Release|Any CPU
		{69F2BF91-EC27-4142-BF1B-EFE955E6E167}.Release|x86.Build.0 = Release|Any CPU
		{69F2BF91-EC27-4142-BF1B-EFE955E6E167}.Release|x86.Deploy.0 = Release|Any CPU
		{C6D814A5-3FB4-4795-AA4A-E0A77CC7FD09}.Ad-Hoc|Any CPU.ActiveCfg = Release|Any CPU
		{C6D814A5-3FB4-4795-AA4A-E0A77CC7FD09}.Ad-Hoc|Any CPU.Build.0 = Release|Any CPU
		{C6D814A5-3FB4-4795-AA4A-E0A77CC7FD09}.Ad-Hoc|ARM.ActiveCfg = Release|Any CPU
		{C6D814A5-3FB4-4795-AA4A-E0A77CC7FD09}.Ad-Hoc|ARM.Build.0 = Release|Any CPU
		{C6D814A5-3FB4-4795-AA4A-E0A77CC7FD09}.Ad-Hoc|iPhone.ActiveCfg = Release|Any CPU
		{C6D814A5-3FB4-4795-AA4A-E0A77CC7FD09}.Ad-Hoc|iPhone.Build.0 = Release|Any CPU
		{C6D814A5-3FB4-4795-AA4A-E0A77CC7FD09}.Ad-Hoc|iPhoneSimulator.ActiveCfg = Release|Any CPU
		{C6D814A5-3FB4-4795-AA4A-E0A77CC7FD09}.Ad-Hoc|iPhoneSimulator.Build.0 = Release|Any CPU
		{C6D814A5-3FB4-4795-AA4A-E0A77CC7FD09}.Ad-Hoc|x64.ActiveCfg = Release|Any CPU
		{C6D814A5-3FB4-4795-AA4A-E0A77CC7FD09}.Ad-Hoc|x64.Build.0 = Release|Any CPU
		{C6D814A5-3FB4-4795-AA4A-E0A77CC7FD09}.Ad-Hoc|x86.ActiveCfg = Release|Any CPU
		{C6D814A5-3FB4-4795-AA4A-E0A77CC7FD09}.Ad-Hoc|x86.Build.0 = Release|Any CPU
		{C6D814A5-3FB4-4795-AA4A-E0A77CC7FD09}.AppStore|Any CPU.ActiveCfg = Release|Any CPU
		{C6D814A5-3FB4-4795-AA4A-E0A77CC7FD09}.AppStore|Any CPU.Build.0 = Release|Any CPU
		{C6D814A5-3FB4-4795-AA4A-E0A77CC7FD09}.AppStore|ARM.ActiveCfg = Release|Any CPU
		{C6D814A5-3FB4-4795-AA4A-E0A77CC7FD09}.AppStore|ARM.Build.0 = Release|Any CPU
		{C6D814A5-3FB4-4795-AA4A-E0A77CC7FD09}.AppStore|iPhone.ActiveCfg = Release|Any CPU
		{C6D814A5-3FB4-4795-AA4A-E0A77CC7FD09}.AppStore|iPhone.Build.0 = Release|Any CPU
		{C6D814A5-3FB4-4795-AA4A-E0A77CC7FD09}.AppStore|iPhoneSimulator.ActiveCfg = Release|Any CPU
		{C6D814A5-3FB4-4795-AA4A-E0A77CC7FD09}.AppStore|iPhoneSimulator.Build.0 = Release|Any CPU
		{C6D814A5-3FB4-4795-AA4A-E0A77CC7FD09}.AppStore|x64.ActiveCfg = Release|Any CPU
		{C6D814A5-3FB4-4795-AA4A-E0A77CC7FD09}.AppStore|x64.Build.0 = Release|Any CPU
		{C6D814A5-3FB4-4795-AA4A-E0A77CC7FD09}.AppStore|x86.ActiveCfg = Release|Any CPU
		{C6D814A5-3FB4-4795-AA4A-E0A77CC7FD09}.AppStore|x86.Build.0 = Release|Any CPU
		{C6D814A5-3FB4-4795-AA4A-E0A77CC7FD09}.Debug|Any CPU.ActiveCfg = Debug|Any CPU
		{C6D814A5-3FB4-4795-AA4A-E0A77CC7FD09}.Debug|Any CPU.Build.0 = Debug|Any CPU
		{C6D814A5-3FB4-4795-AA4A-E0A77CC7FD09}.Debug|ARM.ActiveCfg = Debug|Any CPU
		{C6D814A5-3FB4-4795-AA4A-E0A77CC7FD09}.Debug|ARM.Build.0 = Debug|Any CPU
		{C6D814A5-3FB4-4795-AA4A-E0A77CC7FD09}.Debug|iPhone.ActiveCfg = Debug|Any CPU
		{C6D814A5-3FB4-4795-AA4A-E0A77CC7FD09}.Debug|iPhone.Build.0 = Debug|Any CPU
		{C6D814A5-3FB4-4795-AA4A-E0A77CC7FD09}.Debug|iPhoneSimulator.ActiveCfg = Debug|Any CPU
		{C6D814A5-3FB4-4795-AA4A-E0A77CC7FD09}.Debug|iPhoneSimulator.Build.0 = Debug|Any CPU
		{C6D814A5-3FB4-4795-AA4A-E0A77CC7FD09}.Debug|x64.ActiveCfg = Debug|Any CPU
		{C6D814A5-3FB4-4795-AA4A-E0A77CC7FD09}.Debug|x64.Build.0 = Debug|Any CPU
		{C6D814A5-3FB4-4795-AA4A-E0A77CC7FD09}.Debug|x86.ActiveCfg = Debug|Any CPU
		{C6D814A5-3FB4-4795-AA4A-E0A77CC7FD09}.Debug|x86.Build.0 = Debug|Any CPU
		{C6D814A5-3FB4-4795-AA4A-E0A77CC7FD09}.Release|Any CPU.ActiveCfg = Release|Any CPU
		{C6D814A5-3FB4-4795-AA4A-E0A77CC7FD09}.Release|Any CPU.Build.0 = Release|Any CPU
		{C6D814A5-3FB4-4795-AA4A-E0A77CC7FD09}.Release|ARM.ActiveCfg = Release|Any CPU
		{C6D814A5-3FB4-4795-AA4A-E0A77CC7FD09}.Release|ARM.Build.0 = Release|Any CPU
		{C6D814A5-3FB4-4795-AA4A-E0A77CC7FD09}.Release|iPhone.ActiveCfg = Release|Any CPU
		{C6D814A5-3FB4-4795-AA4A-E0A77CC7FD09}.Release|iPhone.Build.0 = Release|Any CPU
		{C6D814A5-3FB4-4795-AA4A-E0A77CC7FD09}.Release|iPhoneSimulator.ActiveCfg = Release|Any CPU
		{C6D814A5-3FB4-4795-AA4A-E0A77CC7FD09}.Release|iPhoneSimulator.Build.0 = Release|Any CPU
		{C6D814A5-3FB4-4795-AA4A-E0A77CC7FD09}.Release|x64.ActiveCfg = Release|Any CPU
		{C6D814A5-3FB4-4795-AA4A-E0A77CC7FD09}.Release|x64.Build.0 = Release|Any CPU
		{C6D814A5-3FB4-4795-AA4A-E0A77CC7FD09}.Release|x86.ActiveCfg = Release|Any CPU
		{C6D814A5-3FB4-4795-AA4A-E0A77CC7FD09}.Release|x86.Build.0 = Release|Any CPU
		{99135CE0-34D3-436D-9FDF-BE1658E7C402}.Ad-Hoc|Any CPU.ActiveCfg = Ad-Hoc|iPhone
		{99135CE0-34D3-436D-9FDF-BE1658E7C402}.Ad-Hoc|ARM.ActiveCfg = Ad-Hoc|iPhone
		{99135CE0-34D3-436D-9FDF-BE1658E7C402}.Ad-Hoc|iPhone.ActiveCfg = Ad-Hoc|iPhone
		{99135CE0-34D3-436D-9FDF-BE1658E7C402}.Ad-Hoc|iPhone.Build.0 = Ad-Hoc|iPhone
		{99135CE0-34D3-436D-9FDF-BE1658E7C402}.Ad-Hoc|iPhoneSimulator.ActiveCfg = Ad-Hoc|iPhoneSimulator
		{99135CE0-34D3-436D-9FDF-BE1658E7C402}.Ad-Hoc|iPhoneSimulator.Build.0 = Ad-Hoc|iPhoneSimulator
		{99135CE0-34D3-436D-9FDF-BE1658E7C402}.Ad-Hoc|x64.ActiveCfg = Ad-Hoc|iPhone
		{99135CE0-34D3-436D-9FDF-BE1658E7C402}.Ad-Hoc|x86.ActiveCfg = Ad-Hoc|iPhone
		{99135CE0-34D3-436D-9FDF-BE1658E7C402}.AppStore|Any CPU.ActiveCfg = AppStore|iPhone
		{99135CE0-34D3-436D-9FDF-BE1658E7C402}.AppStore|ARM.ActiveCfg = AppStore|iPhone
		{99135CE0-34D3-436D-9FDF-BE1658E7C402}.AppStore|iPhone.ActiveCfg = AppStore|iPhone
		{99135CE0-34D3-436D-9FDF-BE1658E7C402}.AppStore|iPhone.Build.0 = AppStore|iPhone
		{99135CE0-34D3-436D-9FDF-BE1658E7C402}.AppStore|iPhoneSimulator.ActiveCfg = AppStore|iPhoneSimulator
		{99135CE0-34D3-436D-9FDF-BE1658E7C402}.AppStore|iPhoneSimulator.Build.0 = AppStore|iPhoneSimulator
		{99135CE0-34D3-436D-9FDF-BE1658E7C402}.AppStore|x64.ActiveCfg = AppStore|iPhone
		{99135CE0-34D3-436D-9FDF-BE1658E7C402}.AppStore|x86.ActiveCfg = AppStore|iPhone
		{99135CE0-34D3-436D-9FDF-BE1658E7C402}.Debug|Any CPU.ActiveCfg = Debug|iPhone
		{99135CE0-34D3-436D-9FDF-BE1658E7C402}.Debug|ARM.ActiveCfg = Debug|iPhone
		{99135CE0-34D3-436D-9FDF-BE1658E7C402}.Debug|iPhone.ActiveCfg = Debug|iPhone
		{99135CE0-34D3-436D-9FDF-BE1658E7C402}.Debug|iPhone.Build.0 = Debug|iPhone
		{99135CE0-34D3-436D-9FDF-BE1658E7C402}.Debug|iPhoneSimulator.ActiveCfg = Debug|iPhoneSimulator
		{99135CE0-34D3-436D-9FDF-BE1658E7C402}.Debug|iPhoneSimulator.Build.0 = Debug|iPhoneSimulator
		{99135CE0-34D3-436D-9FDF-BE1658E7C402}.Debug|x64.ActiveCfg = Debug|iPhone
		{99135CE0-34D3-436D-9FDF-BE1658E7C402}.Debug|x86.ActiveCfg = Debug|iPhone
		{99135CE0-34D3-436D-9FDF-BE1658E7C402}.Release|Any CPU.ActiveCfg = Release|iPhone
		{99135CE0-34D3-436D-9FDF-BE1658E7C402}.Release|ARM.ActiveCfg = Release|iPhone
		{99135CE0-34D3-436D-9FDF-BE1658E7C402}.Release|iPhone.ActiveCfg = Release|iPhone
		{99135CE0-34D3-436D-9FDF-BE1658E7C402}.Release|iPhone.Build.0 = Release|iPhone
		{99135CE0-34D3-436D-9FDF-BE1658E7C402}.Release|iPhoneSimulator.ActiveCfg = Release|iPhoneSimulator
		{99135CE0-34D3-436D-9FDF-BE1658E7C402}.Release|iPhoneSimulator.Build.0 = Release|iPhoneSimulator
		{99135CE0-34D3-436D-9FDF-BE1658E7C402}.Release|x64.ActiveCfg = Release|iPhone
		{99135CE0-34D3-436D-9FDF-BE1658E7C402}.Release|x86.ActiveCfg = Release|iPhone
	EndGlobalSection
	GlobalSection(SolutionProperties) = preSolution
		HideSolutionNode = FALSE
	EndGlobalSection
	GlobalSection(NestedProjects) = preSolution
		{69F2BF91-EC27-4142-BF1B-EFE955E6E167} = {D5003EE9-BBE7-4E01-9846-17E17CB6C599}
		{C6D814A5-3FB4-4795-AA4A-E0A77CC7FD09} = {D5003EE9-BBE7-4E01-9846-17E17CB6C599}
		{99135CE0-34D3-436D-9FDF-BE1658E7C402} = {D5003EE9-BBE7-4E01-9846-17E17CB6C599}
	EndGlobalSection
	GlobalSection(ExtensibilityGlobals) = postSolution
		SolutionGuid = {B89D7981-A00F-4534-9A85-272831463B39}
	EndGlobalSection
EndGlobal
